
Microsoft Visual Studio Solution File, Format Version 12.00
# Visual Studio Version 16
VisualStudioVersion = 16.0.30104.148
MinimumVisualStudioVersion = 10.0.40219.1
Project("{FAE04EC0-301F-11D3-BF4B-00C04F79EFBC}") = "StalkerPDA", "StalkerPDA\StalkerPDA.csproj", "{FCBC919F-B49E-465C-80D9-74EDFA6A9682}"
EndProject
Global
	GlobalSection(SolutionConfigurationPlatforms) = preSolution
		Debug|Any CPU = Debug|Any CPU
		Release|Any CPU = Release|Any CPU
	EndGlobalSection
	GlobalSection(ProjectConfigurationPlatforms) = postSolution
		{FCBC919F-B49E-465C-80D9-74EDFA6A9682}.Debug|Any CPU.ActiveCfg = Debug|Any CPU
		{FCBC919F-B49E-465C-80D9-74EDFA6A9682}.Debug|Any CPU.Build.0 = Debug|Any CPU
		{FCBC919F-B49E-465C-80D9-74EDFA6A9682}.Release|Any CPU.ActiveCfg = Release|Any CPU
		{FCBC919F-B49E-465C-80D9-74EDFA6A9682}.Release|Any CPU.Build.0 = Release|Any CPU
	EndGlobalSection
	GlobalSection(SolutionProperties) = preSolution
		HideSolutionNode = FALSE
	EndGlobalSection
	GlobalSection(ExtensibilityGlobals) = postSolution
		SolutionGuid = {46D51DF7-B446-491E-9091-E0ECD782A9C5}
	EndGlobalSection
EndGlobal
